// !$*UTF8*$!
{
	archiveVersion = 1;
	classes = {
	};
	objectVersion = 56;
	objects = {

/* Begin PBXBuildFile section */
		5602775E2C08378D00A5DDB8 /* SettingsViewController.swift in Sources */ = {isa = PBXBuildFile; fileRef = 5602775D2C08378D00A5DDB8 /* SettingsViewController.swift */; };
		560B52112C05C990009BEFCA /* Game.swift in Sources */ = {isa = PBXBuildFile; fileRef = 560B52102C05C990009BEFCA /* Game.swift */; };
		5671A52A2C04614D00944ACC /* AppDelegate.swift in Sources */ = {isa = PBXBuildFile; fileRef = 5671A5292C04614D00944ACC /* AppDelegate.swift */; };
		5671A52C2C04614D00944ACC /* SceneDelegate.swift in Sources */ = {isa = PBXBuildFile; fileRef = 5671A52B2C04614D00944ACC /* SceneDelegate.swift */; };
		5671A52E2C04614D00944ACC /* ViewController.swift in Sources */ = {isa = PBXBuildFile; fileRef = 5671A52D2C04614D00944ACC /* ViewController.swift */; };
		5671A5312C04614D00944ACC /* Base in Resources */ = {isa = PBXBuildFile; fileRef = 5671A5302C04614D00944ACC /* Base */; };
		5671A5332C04614E00944ACC /* Assets.xcassets in Resources */ = {isa = PBXBuildFile; fileRef = 5671A5322C04614E00944ACC /* Assets.xcassets */; };
		5671A5362C04614E00944ACC /* Base in Resources */ = {isa = PBXBuildFile; fileRef = 5671A5352C04614E00944ACC /* Base */; };
		5671A5412C04614E00944ACC /* ChessTests.swift in Sources */ = {isa = PBXBuildFile; fileRef = 5671A5402C04614E00944ACC /* ChessTests.swift */; };
		5671A54B2C04614E00944ACC /* ChessUITests.swift in Sources */ = {isa = PBXBuildFile; fileRef = 5671A54A2C04614E00944ACC /* ChessUITests.swift */; };
		5671A54D2C04614E00944ACC /* ChessUITestsLaunchTests.swift in Sources */ = {isa = PBXBuildFile; fileRef = 5671A54C2C04614E00944ACC /* ChessUITestsLaunchTests.swift */; };
		5671A55A2C04629700944ACC /* Board.swift in Sources */ = {isa = PBXBuildFile; fileRef = 5671A5592C04629700944ACC /* Board.swift */; };
		5671A55C2C04629C00944ACC /* BoardView.swift in Sources */ = {isa = PBXBuildFile; fileRef = 5671A55B2C04629C00944ACC /* BoardView.swift */; };
		5671A5622C04685100944ACC /* Piece.swift in Sources */ = {isa = PBXBuildFile; fileRef = 5671A5612C04685100944ACC /* Piece.swift */; };
		5671A5642C04686600944ACC /* PieceColor.swift in Sources */ = {isa = PBXBuildFile; fileRef = 5671A5632C04686600944ACC /* PieceColor.swift */; };
		5671A5662C04688800944ACC /* BoardTheme.swift in Sources */ = {isa = PBXBuildFile; fileRef = 5671A5652C04688800944ACC /* BoardTheme.swift */; };
		56828D502C0BF46100D6DB90 /* SinglePlayerController.swift in Sources */ = {isa = PBXBuildFile; fileRef = 56828D4F2C0BF46100D6DB90 /* SinglePlayerController.swift */; };
		56828D572C0C198200D6DB90 /* Capture.mp3 in Resources */ = {isa = PBXBuildFile; fileRef = 56828D562C0C198200D6DB90 /* Capture.mp3 */; };
		56828D592C0C198600D6DB90 /* RegularMove.mp3 in Resources */ = {isa = PBXBuildFile; fileRef = 56828D582C0C198600D6DB90 /* RegularMove.mp3 */; };
		56A1EAF62C0AE30500C96C15 /* MoveHistory.swift in Sources */ = {isa = PBXBuildFile; fileRef = 56A1EAF52C0AE30500C96C15 /* MoveHistory.swift */; };
		56ADE5332C08648700BDB615 /* ChessPiecePosition.swift in Sources */ = {isa = PBXBuildFile; fileRef = 56ADE5322C08648700BDB615 /* ChessPiecePosition.swift */; };
		56ADE5352C0864A100BDB615 /* Offset.swift in Sources */ = {isa = PBXBuildFile; fileRef = 56ADE5342C0864A100BDB615 /* Offset.swift */; };
		56C3BA2B2C0827E200D59C20 /* Initial Screen.swift in Sources */ = {isa = PBXBuildFile; fileRef = 56C3BA2A2C0827E200D59C20 /* Initial Screen.swift */; };
		56EB36272C057117005B58BA /* Settings.swift in Sources */ = {isa = PBXBuildFile; fileRef = 56EB36262C057117005B58BA /* Settings.swift */; };
/* End PBXBuildFile section */

/* Begin PBXContainerItemProxy section */
		5671A53D2C04614E00944ACC /* PBXContainerItemProxy */ = {
			isa = PBXContainerItemProxy;
			containerPortal = 5671A51E2C04614D00944ACC /* Project object */;
			proxyType = 1;
			remoteGlobalIDString = 5671A5252C04614D00944ACC;
			remoteInfo = Chess;
		};
		5671A5472C04614E00944ACC /* PBXContainerItemProxy */ = {
			isa = PBXContainerItemProxy;
			containerPortal = 5671A51E2C04614D00944ACC /* Project object */;
			proxyType = 1;
			remoteGlobalIDString = 5671A5252C04614D00944ACC;
			remoteInfo = Chess;
		};
/* End PBXContainerItemProxy section */

/* Begin PBXFileReference section */
		5602775D2C08378D00A5DDB8 /* SettingsViewController.swift */ = {isa = PBXFileReference; lastKnownFileType = sourcecode.swift; path = SettingsViewController.swift; sourceTree = "<group>"; };
		560B52102C05C990009BEFCA /* Game.swift */ = {isa = PBXFileReference; lastKnownFileType = sourcecode.swift; path = Game.swift; sourceTree = "<group>"; };
		5671A5262C04614D00944ACC /* Chess.app */ = {isa = PBXFileReference; explicitFileType = wrapper.application; includeInIndex = 0; path = Chess.app; sourceTree = BUILT_PRODUCTS_DIR; };
		5671A5292C04614D00944ACC /* AppDelegate.swift */ = {isa = PBXFileReference; lastKnownFileType = sourcecode.swift; path = AppDelegate.swift; sourceTree = "<group>"; };
		5671A52B2C04614D00944ACC /* SceneDelegate.swift */ = {isa = PBXFileReference; lastKnownFileType = sourcecode.swift; path = SceneDelegate.swift; sourceTree = "<group>"; };
		5671A52D2C04614D00944ACC /* ViewController.swift */ = {isa = PBXFileReference; lastKnownFileType = sourcecode.swift; path = ViewController.swift; sourceTree = "<group>"; };
		5671A5302C04614D00944ACC /* Base */ = {isa = PBXFileReference; lastKnownFileType = file.storyboard; name = Base; path = Base.lproj/Main.storyboard; sourceTree = "<group>"; };
		5671A5322C04614E00944ACC /* Assets.xcassets */ = {isa = PBXFileReference; lastKnownFileType = folder.assetcatalog; path = Assets.xcassets; sourceTree = "<group>"; };
		5671A5352C04614E00944ACC /* Base */ = {isa = PBXFileReference; lastKnownFileType = file.storyboard; name = Base; path = Base.lproj/LaunchScreen.storyboard; sourceTree = "<group>"; };
		5671A5372C04614E00944ACC /* Info.plist */ = {isa = PBXFileReference; lastKnownFileType = text.plist.xml; path = Info.plist; sourceTree = "<group>"; };
		5671A53C2C04614E00944ACC /* ChessTests.xctest */ = {isa = PBXFileReference; explicitFileType = wrapper.cfbundle; includeInIndex = 0; path = ChessTests.xctest; sourceTree = BUILT_PRODUCTS_DIR; };
		5671A5402C04614E00944ACC /* ChessTests.swift */ = {isa = PBXFileReference; lastKnownFileType = sourcecode.swift; path = ChessTests.swift; sourceTree = "<group>"; };
		5671A5462C04614E00944ACC /* ChessUITests.xctest */ = {isa = PBXFileReference; explicitFileType = wrapper.cfbundle; includeInIndex = 0; path = ChessUITests.xctest; sourceTree = BUILT_PRODUCTS_DIR; };
		5671A54A2C04614E00944ACC /* ChessUITests.swift */ = {isa = PBXFileReference; lastKnownFileType = sourcecode.swift; path = ChessUITests.swift; sourceTree = "<group>"; };
		5671A54C2C04614E00944ACC /* ChessUITestsLaunchTests.swift */ = {isa = PBXFileReference; lastKnownFileType = sourcecode.swift; path = ChessUITestsLaunchTests.swift; sourceTree = "<group>"; };
		5671A5592C04629700944ACC /* Board.swift */ = {isa = PBXFileReference; lastKnownFileType = sourcecode.swift; path = Board.swift; sourceTree = "<group>"; };
		5671A55B2C04629C00944ACC /* BoardView.swift */ = {isa = PBXFileReference; lastKnownFileType = sourcecode.swift; path = BoardView.swift; sourceTree = "<group>"; };
		5671A5612C04685100944ACC /* Piece.swift */ = {isa = PBXFileReference; lastKnownFileType = sourcecode.swift; path = Piece.swift; sourceTree = "<group>"; };
		5671A5632C04686600944ACC /* PieceColor.swift */ = {isa = PBXFileReference; lastKnownFileType = sourcecode.swift; path = PieceColor.swift; sourceTree = "<group>"; };
		5671A5652C04688800944ACC /* BoardTheme.swift */ = {isa = PBXFileReference; lastKnownFileType = sourcecode.swift; path = BoardTheme.swift; sourceTree = "<group>"; };
		56828D4F2C0BF46100D6DB90 /* SinglePlayerController.swift */ = {isa = PBXFileReference; lastKnownFileType = sourcecode.swift; path = SinglePlayerController.swift; sourceTree = "<group>"; };
		56828D562C0C198200D6DB90 /* Capture.mp3 */ = {isa = PBXFileReference; lastKnownFileType = audio.mp3; path = Capture.mp3; sourceTree = "<group>"; };
		56828D582C0C198600D6DB90 /* RegularMove.mp3 */ = {isa = PBXFileReference; lastKnownFileType = audio.mp3; path = RegularMove.mp3; sourceTree = "<group>"; };
		56A1EAF52C0AE30500C96C15 /* MoveHistory.swift */ = {isa = PBXFileReference; lastKnownFileType = sourcecode.swift; path = MoveHistory.swift; sourceTree = "<group>"; };
		56ADE5322C08648700BDB615 /* ChessPiecePosition.swift */ = {isa = PBXFileReference; lastKnownFileType = sourcecode.swift; path = ChessPiecePosition.swift; sourceTree = "<group>"; };
		56ADE5342C0864A100BDB615 /* Offset.swift */ = {isa = PBXFileReference; lastKnownFileType = sourcecode.swift; path = Offset.swift; sourceTree = "<group>"; };
		56C3BA2A2C0827E200D59C20 /* Initial Screen.swift */ = {isa = PBXFileReference; lastKnownFileType = sourcecode.swift; path = "Initial Screen.swift"; sourceTree = "<group>"; };
		56EB36262C057117005B58BA /* Settings.swift */ = {isa = PBXFileReference; lastKnownFileType = sourcecode.swift; path = Settings.swift; sourceTree = "<group>"; };
/* End PBXFileReference section */

/* Begin PBXFrameworksBuildPhase section */
		5671A5232C04614D00944ACC /* Frameworks */ = {
			isa = PBXFrameworksBuildPhase;
			buildActionMask = 2147483647;
			files = (
			);
			runOnlyForDeploymentPostprocessing = 0;
		};
		5671A5392C04614E00944ACC /* Frameworks */ = {
			isa = PBXFrameworksBuildPhase;
			buildActionMask = 2147483647;
			files = (
			);
			runOnlyForDeploymentPostprocessing = 0;
		};
		5671A5432C04614E00944ACC /* Frameworks */ = {
			isa = PBXFrameworksBuildPhase;
			buildActionMask = 2147483647;
			files = (
			);
			runOnlyForDeploymentPostprocessing = 0;
		};
/* End PBXFrameworksBuildPhase section */

/* Begin PBXGroup section */
		5671A51D2C04614D00944ACC = {
			isa = PBXGroup;
			children = (
				5671A5282C04614D00944ACC /* Chess */,
				5671A53F2C04614E00944ACC /* ChessTests */,
				5671A5492C04614E00944ACC /* ChessUITests */,
				5671A5272C04614D00944ACC /* Products */,
			);
			sourceTree = "<group>";
		};
		5671A5272C04614D00944ACC /* Products */ = {
			isa = PBXGroup;
			children = (
				5671A5262C04614D00944ACC /* Chess.app */,
				5671A53C2C04614E00944ACC /* ChessTests.xctest */,
				5671A5462C04614E00944ACC /* ChessUITests.xctest */,
			);
			name = Products;
			sourceTree = "<group>";
		};
		5671A5282C04614D00944ACC /* Chess */ = {
			isa = PBXGroup;
			children = (
				5671A5372C04614E00944ACC /* Info.plist */,
				560B52102C05C990009BEFCA /* Game.swift */,
				56C3BA2A2C0827E200D59C20 /* Initial Screen.swift */,
				56A1EAF52C0AE30500C96C15 /* MoveHistory.swift */,
				56828D4F2C0BF46100D6DB90 /* SinglePlayerController.swift */,
				5671A52D2C04614D00944ACC /* ViewController.swift */,
				5671A5322C04614E00944ACC /* Assets.xcassets */,
				56ADE52D2C085E2500BDB615 /* Board */,
				56ADE5302C085E4E00BDB615 /* Delegate */,
				56ADE52E2C085E3600BDB615 /* Piece */,
				56ADE5312C08647B00BDB615 /* Position */,
				56ADE52C2C085E0C00BDB615 /* Settings */,
				56828D532C0C192900D6DB90 /* Sound */,
				56ADE52F2C085E4300BDB615 /* Storyboard */,
			);
			path = Chess;
			sourceTree = "<group>";
		};
		5671A53F2C04614E00944ACC /* ChessTests */ = {
			isa = PBXGroup;
			children = (
				5671A5402C04614E00944ACC /* ChessTests.swift */,
			);
			path = ChessTests;
			sourceTree = "<group>";
		};
		5671A5492C04614E00944ACC /* ChessUITests */ = {
			isa = PBXGroup;
			children = (
				5671A54A2C04614E00944ACC /* ChessUITests.swift */,
				5671A54C2C04614E00944ACC /* ChessUITestsLaunchTests.swift */,
			);
			path = ChessUITests;
			sourceTree = "<group>";
		};
		56828D532C0C192900D6DB90 /* Sound */ = {
			isa = PBXGroup;
			children = (
				56828D562C0C198200D6DB90 /* Capture.mp3 */,
				56828D582C0C198600D6DB90 /* RegularMove.mp3 */,
			);
			path = Sound;
			sourceTree = "<group>";
		};
		56ADE52C2C085E0C00BDB615 /* Settings */ = {
			isa = PBXGroup;
			children = (
				56EB36262C057117005B58BA /* Settings.swift */,
				5602775D2C08378D00A5DDB8 /* SettingsViewController.swift */,
			);
			path = Settings;
			sourceTree = "<group>";
		};
		56ADE52D2C085E2500BDB615 /* Board */ = {
			isa = PBXGroup;
			children = (
				5671A5652C04688800944ACC /* BoardTheme.swift */,
				5671A5592C04629700944ACC /* Board.swift */,
				5671A55B2C04629C00944ACC /* BoardView.swift */,
			);
			path = Board;
			sourceTree = "<group>";
		};
		56ADE52E2C085E3600BDB615 /* Piece */ = {
			isa = PBXGroup;
			children = (
				5671A5612C04685100944ACC /* Piece.swift */,
				5671A5632C04686600944ACC /* PieceColor.swift */,
			);
			path = Piece;
			sourceTree = "<group>";
		};
		56ADE52F2C085E4300BDB615 /* Storyboard */ = {
			isa = PBXGroup;
			children = (
				5671A5342C04614E00944ACC /* LaunchScreen.storyboard */,
				5671A52F2C04614D00944ACC /* Main.storyboard */,
			);
			path = Storyboard;
			sourceTree = "<group>";
		};
		56ADE5302C085E4E00BDB615 /* Delegate */ = {
			isa = PBXGroup;
			children = (
				5671A5292C04614D00944ACC /* AppDelegate.swift */,
				5671A52B2C04614D00944ACC /* SceneDelegate.swift */,
			);
			path = Delegate;
			sourceTree = "<group>";
		};
		56ADE5312C08647B00BDB615 /* Position */ = {
			isa = PBXGroup;
			children = (
				56ADE5322C08648700BDB615 /* ChessPiecePosition.swift */,
				56ADE5342C0864A100BDB615 /* Offset.swift */,
			);
			path = Position;
			sourceTree = "<group>";
		};
/* End PBXGroup section */

/* Begin PBXNativeTarget section */
		5671A5252C04614D00944ACC /* Chess */ = {
			isa = PBXNativeTarget;
			buildConfigurationList = 5671A5502C04614E00944ACC /* Build configuration list for PBXNativeTarget "Chess" */;
			buildPhases = (
				5671A5222C04614D00944ACC /* Sources */,
				5671A5232C04614D00944ACC /* Frameworks */,
				5671A5242C04614D00944ACC /* Resources */,
			);
			buildRules = (
			);
			dependencies = (
			);
			name = Chess;
			productName = Chess;
			productReference = 5671A5262C04614D00944ACC /* Chess.app */;
			productType = "com.apple.product-type.application";
		};
		5671A53B2C04614E00944ACC /* ChessTests */ = {
			isa = PBXNativeTarget;
			buildConfigurationList = 5671A5532C04614E00944ACC /* Build configuration list for PBXNativeTarget "ChessTests" */;
			buildPhases = (
				5671A5382C04614E00944ACC /* Sources */,
				5671A5392C04614E00944ACC /* Frameworks */,
				5671A53A2C04614E00944ACC /* Resources */,
			);
			buildRules = (
			);
			dependencies = (
				5671A53E2C04614E00944ACC /* PBXTargetDependency */,
			);
			name = ChessTests;
			productName = ChessTests;
			productReference = 5671A53C2C04614E00944ACC /* ChessTests.xctest */;
			productType = "com.apple.product-type.bundle.unit-test";
		};
		5671A5452C04614E00944ACC /* ChessUITests */ = {
			isa = PBXNativeTarget;
			buildConfigurationList = 5671A5562C04614E00944ACC /* Build configuration list for PBXNativeTarget "ChessUITests" */;
			buildPhases = (
				5671A5422C04614E00944ACC /* Sources */,
				5671A5432C04614E00944ACC /* Frameworks */,
				5671A5442C04614E00944ACC /* Resources */,
			);
			buildRules = (
			);
			dependencies = (
				5671A5482C04614E00944ACC /* PBXTargetDependency */,
			);
			name = ChessUITests;
			productName = ChessUITests;
			productReference = 5671A5462C04614E00944ACC /* ChessUITests.xctest */;
			productType = "com.apple.product-type.bundle.ui-testing";
		};
/* End PBXNativeTarget section */

/* Begin PBXProject section */
		5671A51E2C04614D00944ACC /* Project object */ = {
			isa = PBXProject;
			attributes = {
				BuildIndependentTargetsInParallel = 1;
				LastSwiftUpdateCheck = 1530;
				LastUpgradeCheck = 1530;
				TargetAttributes = {
					5671A5252C04614D00944ACC = {
						CreatedOnToolsVersion = 15.3;
					};
					5671A53B2C04614E00944ACC = {
						CreatedOnToolsVersion = 15.3;
						TestTargetID = 5671A5252C04614D00944ACC;
					};
					5671A5452C04614E00944ACC = {
						CreatedOnToolsVersion = 15.3;
						TestTargetID = 5671A5252C04614D00944ACC;
					};
				};
			};
			buildConfigurationList = 5671A5212C04614D00944ACC /* Build configuration list for PBXProject "Chess" */;
			compatibilityVersion = "Xcode 14.0";
			developmentRegion = en;
			hasScannedForEncodings = 0;
			knownRegions = (
				en,
				Base,
			);
			mainGroup = 5671A51D2C04614D00944ACC;
			productRefGroup = 5671A5272C04614D00944ACC /* Products */;
			projectDirPath = "";
			projectRoot = "";
			targets = (
				5671A5252C04614D00944ACC /* Chess */,
				5671A53B2C04614E00944ACC /* ChessTests */,
				5671A5452C04614E00944ACC /* ChessUITests */,
			);
		};
/* End PBXProject section */

/* Begin PBXResourcesBuildPhase section */
		5671A5242C04614D00944ACC /* Resources */ = {
			isa = PBXResourcesBuildPhase;
			buildActionMask = 2147483647;
			files = (
				5671A5332C04614E00944ACC /* Assets.xcassets in Resources */,
				56828D572C0C198200D6DB90 /* Capture.mp3 in Resources */,
				5671A5362C04614E00944ACC /* Base in Resources */,
				5671A5312C04614D00944ACC /* Base in Resources */,
				56828D592C0C198600D6DB90 /* RegularMove.mp3 in Resources */,
			);
			runOnlyForDeploymentPostprocessing = 0;
		};
		5671A53A2C04614E00944ACC /* Resources */ = {
			isa = PBXResourcesBuildPhase;
			buildActionMask = 2147483647;
			files = (
			);
			runOnlyForDeploymentPostprocessing = 0;
		};
		5671A5442C04614E00944ACC /* Resources */ = {
			isa = PBXResourcesBuildPhase;
			buildActionMask = 2147483647;
			files = (
			);
			runOnlyForDeploymentPostprocessing = 0;
		};
/* End PBXResourcesBuildPhase section */

/* Begin PBXSourcesBuildPhase section */
		5671A5222C04614D00944ACC /* Sources */ = {
			isa = PBXSourcesBuildPhase;
			buildActionMask = 2147483647;
			files = (
				5671A5662C04688800944ACC /* BoardTheme.swift in Sources */,
				56828D502C0BF46100D6DB90 /* SinglePlayerController.swift in Sources */,
				56C3BA2B2C0827E200D59C20 /* Initial Screen.swift in Sources */,
				56ADE5352C0864A100BDB615 /* Offset.swift in Sources */,
				5671A52E2C04614D00944ACC /* ViewController.swift in Sources */,
				5671A52A2C04614D00944ACC /* AppDelegate.swift in Sources */,
				5671A55C2C04629C00944ACC /* BoardView.swift in Sources */,
				5671A5642C04686600944ACC /* PieceColor.swift in Sources */,
				560B52112C05C990009BEFCA /* Game.swift in Sources */,
				5671A5622C04685100944ACC /* Piece.swift in Sources */,
				5671A55A2C04629700944ACC /* Board.swift in Sources */,
				56ADE5332C08648700BDB615 /* ChessPiecePosition.swift in Sources */,
				5602775E2C08378D00A5DDB8 /* SettingsViewController.swift in Sources */,
				56A1EAF62C0AE30500C96C15 /* MoveHistory.swift in Sources */,
				56EB36272C057117005B58BA /* Settings.swift in Sources */,
				5671A52C2C04614D00944ACC /* SceneDelegate.swift in Sources */,
			);
			runOnlyForDeploymentPostprocessing = 0;
		};
		5671A5382C04614E00944ACC /* Sources */ = {
			isa = PBXSourcesBuildPhase;
			buildActionMask = 2147483647;
			files = (
				5671A5412C04614E00944ACC /* ChessTests.swift in Sources */,
			);
			runOnlyForDeploymentPostprocessing = 0;
		};
		5671A5422C04614E00944ACC /* Sources */ = {
			isa = PBXSourcesBuildPhase;
			buildActionMask = 2147483647;
			files = (
				5671A54B2C04614E00944ACC /* ChessUITests.swift in Sources */,
				5671A54D2C04614E00944ACC /* ChessUITestsLaunchTests.swift in Sources */,
			);
			runOnlyForDeploymentPostprocessing = 0;
		};
/* End PBXSourcesBuildPhase section */

/* Begin PBXTargetDependency section */
		5671A53E2C04614E00944ACC /* PBXTargetDependency */ = {
			isa = PBXTargetDependency;
			target = 5671A5252C04614D00944ACC /* Chess */;
			targetProxy = 5671A53D2C04614E00944ACC /* PBXContainerItemProxy */;
		};
		5671A5482C04614E00944ACC /* PBXTargetDependency */ = {
			isa = PBXTargetDependency;
			target = 5671A5252C04614D00944ACC /* Chess */;
			targetProxy = 5671A5472C04614E00944ACC /* PBXContainerItemProxy */;
		};
/* End PBXTargetDependency section */

/* Begin PBXVariantGroup section */
		5671A52F2C04614D00944ACC /* Main.storyboard */ = {
			isa = PBXVariantGroup;
			children = (
				5671A5302C04614D00944ACC /* Base */,
			);
			name = Main.storyboard;
			sourceTree = "<group>";
		};
		5671A5342C04614E00944ACC /* LaunchScreen.storyboard */ = {
			isa = PBXVariantGroup;
			children = (
				5671A5352C04614E00944ACC /* Base */,
			);
			name = LaunchScreen.storyboard;
			sourceTree = "<group>";
		};
/* End PBXVariantGroup section */

/* Begin XCBuildConfiguration section */
		5671A54E2C04614E00944ACC /* Debug */ = {
			isa = XCBuildConfiguration;
			buildSettings = {
				ALWAYS_SEARCH_USER_PATHS = NO;
				ASSETCATALOG_COMPILER_GENERATE_SWIFT_ASSET_SYMBOL_EXTENSIONS = YES;
				CLANG_ANALYZER_NONNULL = YES;
				CLANG_ANALYZER_NUMBER_OBJECT_CONVERSION = YES_AGGRESSIVE;
				CLANG_CXX_LANGUAGE_STANDARD = "gnu++20";
				CLANG_ENABLE_MODULES = YES;
				CLANG_ENABLE_OBJC_ARC = YES;
				CLANG_ENABLE_OBJC_WEAK = YES;
				CLANG_WARN_BLOCK_CAPTURE_AUTORELEASING = YES;
				CLANG_WARN_BOOL_CONVERSION = YES;
				CLANG_WARN_COMMA = YES;
				CLANG_WARN_CONSTANT_CONVERSION = YES;
				CLANG_WARN_DEPRECATED_OBJC_IMPLEMENTATIONS = YES;
				CLANG_WARN_DIRECT_OBJC_ISA_USAGE = YES_ERROR;
				CLANG_WARN_DOCUMENTATION_COMMENTS = YES;
				CLANG_WARN_EMPTY_BODY = YES;
				CLANG_WARN_ENUM_CONVERSION = YES;
				CLANG_WARN_INFINITE_RECURSION = YES;
				CLANG_WARN_INT_CONVERSION = YES;
				CLANG_WARN_NON_LITERAL_NULL_CONVERSION = YES;
				CLANG_WARN_OBJC_IMPLICIT_RETAIN_SELF = YES;
				CLANG_WARN_OBJC_LITERAL_CONVERSION = YES;
				CLANG_WARN_OBJC_ROOT_CLASS = YES_ERROR;
				CLANG_WARN_QUOTED_INCLUDE_IN_FRAMEWORK_HEADER = YES;
				CLANG_WARN_RANGE_LOOP_ANALYSIS = YES;
				CLANG_WARN_STRICT_PROTOTYPES = YES;
				CLANG_WARN_SUSPICIOUS_MOVE = YES;
				CLANG_WARN_UNGUARDED_AVAILABILITY = YES_AGGRESSIVE;
				CLANG_WARN_UNREACHABLE_CODE = YES;
				CLANG_WARN__DUPLICATE_METHOD_MATCH = YES;
				COPY_PHASE_STRIP = NO;
				DEBUG_INFORMATION_FORMAT = dwarf;
				ENABLE_STRICT_OBJC_MSGSEND = YES;
				ENABLE_TESTABILITY = YES;
				ENABLE_USER_SCRIPT_SANDBOXING = YES;
				GCC_C_LANGUAGE_STANDARD = gnu17;
				GCC_DYNAMIC_NO_PIC = NO;
				GCC_NO_COMMON_BLOCKS = YES;
				GCC_OPTIMIZATION_LEVEL = 0;
				GCC_PREPROCESSOR_DEFINITIONS = (
					"DEBUG=1",
					"$(inherited)",
				);
				GCC_WARN_64_TO_32_BIT_CONVERSION = YES;
				GCC_WARN_ABOUT_RETURN_TYPE = YES_ERROR;
				GCC_WARN_UNDECLARED_SELECTOR = YES;
				GCC_WARN_UNINITIALIZED_AUTOS = YES_AGGRESSIVE;
				GCC_WARN_UNUSED_FUNCTION = YES;
				GCC_WARN_UNUSED_VARIABLE = YES;
				IPHONEOS_DEPLOYMENT_TARGET = 17.4;
				LOCALIZATION_PREFERS_STRING_CATALOGS = YES;
				MTL_ENABLE_DEBUG_INFO = INCLUDE_SOURCE;
				MTL_FAST_MATH = YES;
				ONLY_ACTIVE_ARCH = YES;
				SDKROOT = iphoneos;
				SWIFT_ACTIVE_COMPILATION_CONDITIONS = "DEBUG $(inherited)";
				SWIFT_OPTIMIZATION_LEVEL = "-Onone";
			};
			name = Debug;
		};
		5671A54F2C04614E00944ACC /* Release */ = {
			isa = XCBuildConfiguration;
			buildSettings = {
				ALWAYS_SEARCH_USER_PATHS = NO;
				ASSETCATALOG_COMPILER_GENERATE_SWIFT_ASSET_SYMBOL_EXTENSIONS = YES;
				CLANG_ANALYZER_NONNULL = YES;
				CLANG_ANALYZER_NUMBER_OBJECT_CONVERSION = YES_AGGRESSIVE;
				CLANG_CXX_LANGUAGE_STANDARD = "gnu++20";
				CLANG_ENABLE_MODULES = YES;
				CLANG_ENABLE_OBJC_ARC = YES;
				CLANG_ENABLE_OBJC_WEAK = YES;
				CLANG_WARN_BLOCK_CAPTURE_AUTORELEASING = YES;
				CLANG_WARN_BOOL_CONVERSION = YES;
				CLANG_WARN_COMMA = YES;
				CLANG_WARN_CONSTANT_CONVERSION = YES;
				CLANG_WARN_DEPRECATED_OBJC_IMPLEMENTATIONS = YES;
				CLANG_WARN_DIRECT_OBJC_ISA_USAGE = YES_ERROR;
				CLANG_WARN_DOCUMENTATION_COMMENTS = YES;
				CLANG_WARN_EMPTY_BODY = YES;
				CLANG_WARN_ENUM_CONVERSION = YES;
				CLANG_WARN_INFINITE_RECURSION = YES;
				CLANG_WARN_INT_CONVERSION = YES;
				CLANG_WARN_NON_LITERAL_NULL_CONVERSION = YES;
				CLANG_WARN_OBJC_IMPLICIT_RETAIN_SELF = YES;
				CLANG_WARN_OBJC_LITERAL_CONVERSION = YES;
				CLANG_WARN_OBJC_ROOT_CLASS = YES_ERROR;
				CLANG_WARN_QUOTED_INCLUDE_IN_FRAMEWORK_HEADER = YES;
				CLANG_WARN_RANGE_LOOP_ANALYSIS = YES;
				CLANG_WARN_STRICT_PROTOTYPES = YES;
				CLANG_WARN_SUSPICIOUS_MOVE = YES;
				CLANG_WARN_UNGUARDED_AVAILABILITY = YES_AGGRESSIVE;
				CLANG_WARN_UNREACHABLE_CODE = YES;
				CLANG_WARN__DUPLICATE_METHOD_MATCH = YES;
				COPY_PHASE_STRIP = NO;
				DEBUG_INFORMATION_FORMAT = "dwarf-with-dsym";
				ENABLE_NS_ASSERTIONS = NO;
				ENABLE_STRICT_OBJC_MSGSEND = YES;
				ENABLE_USER_SCRIPT_SANDBOXING = YES;
				GCC_C_LANGUAGE_STANDARD = gnu17;
				GCC_NO_COMMON_BLOCKS = YES;
				GCC_WARN_64_TO_32_BIT_CONVERSION = YES;
				GCC_WARN_ABOUT_RETURN_TYPE = YES_ERROR;
				GCC_WARN_UNDECLARED_SELECTOR = YES;
				GCC_WARN_UNINITIALIZED_AUTOS = YES_AGGRESSIVE;
				GCC_WARN_UNUSED_FUNCTION = YES;
				GCC_WARN_UNUSED_VARIABLE = YES;
				IPHONEOS_DEPLOYMENT_TARGET = 17.4;
				LOCALIZATION_PREFERS_STRING_CATALOGS = YES;
				MTL_ENABLE_DEBUG_INFO = NO;
				MTL_FAST_MATH = YES;
				SDKROOT = iphoneos;
				SWIFT_COMPILATION_MODE = wholemodule;
				VALIDATE_PRODUCT = YES;
			};
			name = Release;
		};
		5671A5512C04614E00944ACC /* Debug */ = {
			isa = XCBuildConfiguration;
			buildSettings = {
				ASSETCATALOG_COMPILER_APPICON_NAME = AppIcon;
				ASSETCATALOG_COMPILER_GLOBAL_ACCENT_COLOR_NAME = AccentColor;
				CODE_SIGN_STYLE = Automatic;
				CURRENT_PROJECT_VERSION = 1;
				GENERATE_INFOPLIST_FILE = YES;
				INFOPLIST_FILE = Chess/Info.plist;
				INFOPLIST_KEY_UIApplicationSupportsIndirectInputEvents = YES;
				INFOPLIST_KEY_UILaunchStoryboardName = LaunchScreen;
				INFOPLIST_KEY_UIMainStoryboardFile = Main;
				INFOPLIST_KEY_UISupportedInterfaceOrientations_iPad = "UIInterfaceOrientationPortrait UIInterfaceOrientationPortraitUpsideDown UIInterfaceOrientationLandscapeLeft UIInterfaceOrientationLandscapeRight";
				INFOPLIST_KEY_UISupportedInterfaceOrientations_iPhone = "UIInterfaceOrientationPortrait UIInterfaceOrientationLandscapeLeft UIInterfaceOrientationLandscapeRight";
				LD_RUNPATH_SEARCH_PATHS = (
					"$(inherited)",
					"@executable_path/Frameworks",
				);
				MARKETING_VERSION = 1.0;
				PRODUCT_BUNDLE_IDENTIFIER = "com.Marvellinus-Vincent.Chess";
				PRODUCT_NAME = "$(TARGET_NAME)";
				SWIFT_EMIT_LOC_STRINGS = YES;
				SWIFT_VERSION = 5.0;
				TARGETED_DEVICE_FAMILY = "1,2";
			};
			name = Debug;
		};
		5671A5522C04614E00944ACC /* Release */ = {
			isa = XCBuildConfiguration;
			buildSettings = {
				ASSETCATALOG_COMPILER_APPICON_NAME = AppIcon;
				ASSETCATALOG_COMPILER_GLOBAL_ACCENT_COLOR_NAME = AccentColor;
				CODE_SIGN_STYLE = Automatic;
				CURRENT_PROJECT_VERSION = 1;
				GENERATE_INFOPLIST_FILE = YES;
				INFOPLIST_FILE = Chess/Info.plist;
				INFOPLIST_KEY_UIApplicationSupportsIndirectInputEvents = YES;
				INFOPLIST_KEY_UILaunchStoryboardName = LaunchScreen;
				INFOPLIST_KEY_UIMainStoryboardFile = Main;
				INFOPLIST_KEY_UISupportedInterfaceOrientations_iPad = "UIInterfaceOrientationPortrait UIInterfaceOrientationPortraitUpsideDown UIInterfaceOrientationLandscapeLeft UIInterfaceOrientationLandscapeRight";
				INFOPLIST_KEY_UISupportedInterfaceOrientations_iPhone = "UIInterfaceOrientationPortrait UIInterfaceOrientationLandscapeLeft UIInterfaceOrientationLandscapeRight";
				LD_RUNPATH_SEARCH_PATHS = (
					"$(inherited)",
					"@executable_path/Frameworks",
				);
				MARKETING_VERSION = 1.0;
				PRODUCT_BUNDLE_IDENTIFIER = "com.Marvellinus-Vincent.Chess";
				PRODUCT_NAME = "$(TARGET_NAME)";
				SWIFT_EMIT_LOC_STRINGS = YES;
				SWIFT_VERSION = 5.0;
				TARGETED_DEVICE_FAMILY = "1,2";
			};
			name = Release;
		};
		5671A5542C04614E00944ACC /* Debug */ = {
			isa = XCBuildConfiguration;
			buildSettings = {
				ALWAYS_EMBED_SWIFT_STANDARD_LIBRARIES = YES;
				BUNDLE_LOADER = "$(TEST_HOST)";
				CODE_SIGN_STYLE = Automatic;
				CURRENT_PROJECT_VERSION = 1;
				GENERATE_INFOPLIST_FILE = YES;
				IPHONEOS_DEPLOYMENT_TARGET = 17.4;
				MARKETING_VERSION = 1.0;
				PRODUCT_BUNDLE_IDENTIFIER = "com.Marvellinus-Vincent.ChessTests";
				PRODUCT_NAME = "$(TARGET_NAME)";
				SWIFT_EMIT_LOC_STRINGS = NO;
				SWIFT_VERSION = 5.0;
				TARGETED_DEVICE_FAMILY = "1,2";
				TEST_HOST = "$(BUILT_PRODUCTS_DIR)/Chess.app/$(BUNDLE_EXECUTABLE_FOLDER_PATH)/Chess";
			};
			name = Debug;
		};
		5671A5552C04614E00944ACC /* Release */ = {
			isa = XCBuildConfiguration;
			buildSettings = {
				ALWAYS_EMBED_SWIFT_STANDARD_LIBRARIES = YES;
				BUNDLE_LOADER = "$(TEST_HOST)";
				CODE_SIGN_STYLE = Automatic;
				CURRENT_PROJECT_VERSION = 1;
				GENERATE_INFOPLIST_FILE = YES;
				IPHONEOS_DEPLOYMENT_TARGET = 17.4;
				MARKETING_VERSION = 1.0;
				PRODUCT_BUNDLE_IDENTIFIER = "com.Marvellinus-Vincent.ChessTests";
				PRODUCT_NAME = "$(TARGET_NAME)";
				SWIFT_EMIT_LOC_STRINGS = NO;
				SWIFT_VERSION = 5.0;
				TARGETED_DEVICE_FAMILY = "1,2";
				TEST_HOST = "$(BUILT_PRODUCTS_DIR)/Chess.app/$(BUNDLE_EXECUTABLE_FOLDER_PATH)/Chess";
			};
			name = Release;
		};
		5671A5572C04614E00944ACC /* Debug */ = {
			isa = XCBuildConfiguration;
			buildSettings = {
				ALWAYS_EMBED_SWIFT_STANDARD_LIBRARIES = YES;
				CODE_SIGN_STYLE = Automatic;
				CURRENT_PROJECT_VERSION = 1;
				GENERATE_INFOPLIST_FILE = YES;
				MARKETING_VERSION = 1.0;
				PRODUCT_BUNDLE_IDENTIFIER = "com.Marvellinus-Vincent.ChessUITests";
				PRODUCT_NAME = "$(TARGET_NAME)";
				SWIFT_EMIT_LOC_STRINGS = NO;
				SWIFT_VERSION = 5.0;
				TARGETED_DEVICE_FAMILY = "1,2";
				TEST_TARGET_NAME = Chess;
			};
			name = Debug;
		};
		5671A5582C04614E00944ACC /* Release */ = {
			isa = XCBuildConfiguration;
			buildSettings = {
				ALWAYS_EMBED_SWIFT_STANDARD_LIBRARIES = YES;
				CODE_SIGN_STYLE = Automatic;
				CURRENT_PROJECT_VERSION = 1;
				GENERATE_INFOPLIST_FILE = YES;
				MARKETING_VERSION = 1.0;
				PRODUCT_BUNDLE_IDENTIFIER = "com.Marvellinus-Vincent.ChessUITests";
				PRODUCT_NAME = "$(TARGET_NAME)";
				SWIFT_EMIT_LOC_STRINGS = NO;
				SWIFT_VERSION = 5.0;
				TARGETED_DEVICE_FAMILY = "1,2";
				TEST_TARGET_NAME = Chess;
			};
			name = Release;
		};
/* End XCBuildConfiguration section */

/* Begin XCConfigurationList section */
		5671A5212C04614D00944ACC /* Build configuration list for PBXProject "Chess" */ = {
			isa = XCConfigurationList;
			buildConfigurations = (
				5671A54E2C04614E00944ACC /* Debug */,
				5671A54F2C04614E00944ACC /* Release */,
			);
			defaultConfigurationIsVisible = 0;
			defaultConfigurationName = Release;
		};
		5671A5502C04614E00944ACC /* Build configuration list for PBXNativeTarget "Chess" */ = {
			isa = XCConfigurationList;
			buildConfigurations = (
				5671A5512C04614E00944ACC /* Debug */,
				5671A5522C04614E00944ACC /* Release */,
			);
			defaultConfigurationIsVisible = 0;
			defaultConfigurationName = Release;
		};
		5671A5532C04614E00944ACC /* Build configuration list for PBXNativeTarget "ChessTests" */ = {
			isa = XCConfigurationList;
			buildConfigurations = (
				5671A5542C04614E00944ACC /* Debug */,
				5671A5552C04614E00944ACC /* Release */,
			);
			defaultConfigurationIsVisible = 0;
			defaultConfigurationName = Release;
		};
		5671A5562C04614E00944ACC /* Build configuration list for PBXNativeTarget "ChessUITests" */ = {
			isa = XCConfigurationList;
			buildConfigurations = (
				5671A5572C04614E00944ACC /* Debug */,
				5671A5582C04614E00944ACC /* Release */,
			);
			defaultConfigurationIsVisible = 0;
			defaultConfigurationName = Release;
		};
/* End XCConfigurationList section */
	};
	rootObject = 5671A51E2C04614D00944ACC /* Project object */;
}
